
Microsoft Visual Studio Solution File, Format Version 12.00
# Visual Studio 2013
VisualStudioVersion = 12.0.30501.0
MinimumVisualStudioVersion = 10.0.40219.1
Project("{CC5FD16D-436D-48AD-A40C-5A424C6E3E79}") = "APIServiceAzure", "APIServiceAzure\APIServiceAzure.ccproj", "{9748C96D-ADA4-4021-BE44-ADCFDF760F2B}"
EndProject
Project("{FAE04EC0-301F-11D3-BF4B-00C04F79EFBC}") = "APIWorkerRole", "APIWorkerRole\APIWorkerRole.csproj", "{D961DF5C-D7A9-49DB-9C9B-AACE6EA14B84}"
EndProject
Global
	GlobalSection(SolutionConfigurationPlatforms) = preSolution
		Debug|Any CPU = Debug|Any CPU
		Release|Any CPU = Release|Any CPU
	EndGlobalSection
	GlobalSection(ProjectConfigurationPlatforms) = postSolution
		{9748C96D-ADA4-4021-BE44-ADCFDF760F2B}.Debug|Any CPU.ActiveCfg = Debug|Any CPU
		{9748C96D-ADA4-4021-BE44-ADCFDF760F2B}.Debug|Any CPU.Build.0 = Debug|Any CPU
		{9748C96D-ADA4-4021-BE44-ADCFDF760F2B}.Release|Any CPU.ActiveCfg = Release|Any CPU
		{9748C96D-ADA4-4021-BE44-ADCFDF760F2B}.Release|Any CPU.Build.0 = Release|Any CPU
		{D961DF5C-D7A9-49DB-9C9B-AACE6EA14B84}.Debug|Any CPU.ActiveCfg = Debug|Any CPU
		{D961DF5C-D7A9-49DB-9C9B-AACE6EA14B84}.Debug|Any CPU.Build.0 = Debug|Any CPU
		{D961DF5C-D7A9-49DB-9C9B-AACE6EA14B84}.Release|Any CPU.ActiveCfg = Release|Any CPU
		{D961DF5C-D7A9-49DB-9C9B-AACE6EA14B84}.Release|Any CPU.Build.0 = Release|Any CPU
	EndGlobalSection
	GlobalSection(SolutionProperties) = preSolution
		HideSolutionNode = FALSE
	EndGlobalSection
EndGlobal
