
Microsoft Visual Studio Solution File, Format Version 12.00
# Visual Studio 2013
VisualStudioVersion = 12.0.30501.0
MinimumVisualStudioVersion = 10.0.40219.1
Project("{CC5FD16D-436D-48AD-A40C-5A424C6E3E79}") = "StronglyTypedAzureConfigs", "StronglyTypedAzureConfigs\StronglyTypedAzureConfigs.ccproj", "{ECC2788D-3EA8-4CE8-9AD5-E99829EA2078}"
EndProject
Project("{FAE04EC0-301F-11D3-BF4B-00C04F79EFBC}") = "WorkerRole1", "WorkerRole1\WorkerRole1.csproj", "{5016E719-FBE7-4951-A559-59413D689D77}"
	ProjectSection(ProjectDependencies) = postProject
		{27D2A3C0-DE2E-49B5-9ECB-3BB11C266955} = {27D2A3C0-DE2E-49B5-9ECB-3BB11C266955}
	EndProjectSection
EndProject
Project("{FAE04EC0-301F-11D3-BF4B-00C04F79EFBC}") = "AzureConfiguration", "AzureConfiguration\AzureConfiguration.csproj", "{AF1C0345-5EF9-4FFF-BDDE-DE6C12EACD6A}"
EndProject
Project("{FAE04EC0-301F-11D3-BF4B-00C04F79EFBC}") = "AzureConfigGenerator", "AzureConfigGenerator\AzureConfigGenerator.csproj", "{27D2A3C0-DE2E-49B5-9ECB-3BB11C266955}"
EndProject
Project("{2150E333-8FDC-42A3-9474-1A3956D46DE8}") = ".nuget", ".nuget", "{882FC9D8-DE90-496A-8674-F8D7B3183321}"
	ProjectSection(SolutionItems) = preProject
		.nuget\NuGet.Config = .nuget\NuGet.Config
		.nuget\NuGet.exe = .nuget\NuGet.exe
		.nuget\NuGet.targets = .nuget\NuGet.targets
	EndProjectSection
EndProject
Project("{2150E333-8FDC-42A3-9474-1A3956D46DE8}") = "Solution Items", "Solution Items", "{3AAB1BB6-0A41-4483-BE63-4483D4D0B8F5}"
	ProjectSection(SolutionItems) = preProject
		AzureConfigGenerator\AzureConfigGenerator.nuspec = AzureConfigGenerator\AzureConfigGenerator.nuspec
		..\README.md = ..\README.md
	EndProjectSection
EndProject
Project("{2150E333-8FDC-42A3-9474-1A3956D46DE8}") = "src", "src", "{A36D544C-8753-42C0-B0E6-30E1303254B7}"
EndProject
Project("{2150E333-8FDC-42A3-9474-1A3956D46DE8}") = "tests", "tests", "{5A68F9EF-5E38-4C71-B8B2-0D02868470F4}"
EndProject
Project("{2150E333-8FDC-42A3-9474-1A3956D46DE8}") = "demo", "demo", "{046B8D28-1B1B-47AD-9953-0656CA3574BD}"
EndProject
Project("{FAE04EC0-301F-11D3-BF4B-00C04F79EFBC}") = "AzureConfigGeneratorTests", "AzureConfigGeneratorTests\AzureConfigGeneratorTests.csproj", "{E756A6FE-3332-4791-BEE3-32EAFAE1BBBE}"
EndProject
Global
	GlobalSection(SolutionConfigurationPlatforms) = preSolution
		Debug|Any CPU = Debug|Any CPU
		Release|Any CPU = Release|Any CPU
	EndGlobalSection
	GlobalSection(ProjectConfigurationPlatforms) = postSolution
		{ECC2788D-3EA8-4CE8-9AD5-E99829EA2078}.Debug|Any CPU.ActiveCfg = Debug|Any CPU
		{ECC2788D-3EA8-4CE8-9AD5-E99829EA2078}.Debug|Any CPU.Build.0 = Debug|Any CPU
		{ECC2788D-3EA8-4CE8-9AD5-E99829EA2078}.Release|Any CPU.ActiveCfg = Release|Any CPU
		{ECC2788D-3EA8-4CE8-9AD5-E99829EA2078}.Release|Any CPU.Build.0 = Release|Any CPU
		{5016E719-FBE7-4951-A559-59413D689D77}.Debug|Any CPU.ActiveCfg = Debug|Any CPU
		{5016E719-FBE7-4951-A559-59413D689D77}.Debug|Any CPU.Build.0 = Debug|Any CPU
		{5016E719-FBE7-4951-A559-59413D689D77}.Release|Any CPU.ActiveCfg = Release|Any CPU
		{5016E719-FBE7-4951-A559-59413D689D77}.Release|Any CPU.Build.0 = Release|Any CPU
		{AF1C0345-5EF9-4FFF-BDDE-DE6C12EACD6A}.Debug|Any CPU.ActiveCfg = Debug|Any CPU
		{AF1C0345-5EF9-4FFF-BDDE-DE6C12EACD6A}.Debug|Any CPU.Build.0 = Debug|Any CPU
		{AF1C0345-5EF9-4FFF-BDDE-DE6C12EACD6A}.Release|Any CPU.ActiveCfg = Release|Any CPU
		{AF1C0345-5EF9-4FFF-BDDE-DE6C12EACD6A}.Release|Any CPU.Build.0 = Release|Any CPU
		{27D2A3C0-DE2E-49B5-9ECB-3BB11C266955}.Debug|Any CPU.ActiveCfg = Debug|Any CPU
		{27D2A3C0-DE2E-49B5-9ECB-3BB11C266955}.Debug|Any CPU.Build.0 = Debug|Any CPU
		{27D2A3C0-DE2E-49B5-9ECB-3BB11C266955}.Release|Any CPU.ActiveCfg = Release|Any CPU
		{27D2A3C0-DE2E-49B5-9ECB-3BB11C266955}.Release|Any CPU.Build.0 = Release|Any CPU
		{E756A6FE-3332-4791-BEE3-32EAFAE1BBBE}.Debug|Any CPU.ActiveCfg = Debug|Any CPU
		{E756A6FE-3332-4791-BEE3-32EAFAE1BBBE}.Debug|Any CPU.Build.0 = Debug|Any CPU
		{E756A6FE-3332-4791-BEE3-32EAFAE1BBBE}.Release|Any CPU.ActiveCfg = Release|Any CPU
		{E756A6FE-3332-4791-BEE3-32EAFAE1BBBE}.Release|Any CPU.Build.0 = Release|Any CPU
	EndGlobalSection
	GlobalSection(SolutionProperties) = preSolution
		HideSolutionNode = FALSE
	EndGlobalSection
	GlobalSection(NestedProjects) = preSolution
		{ECC2788D-3EA8-4CE8-9AD5-E99829EA2078} = {046B8D28-1B1B-47AD-9953-0656CA3574BD}
		{5016E719-FBE7-4951-A559-59413D689D77} = {046B8D28-1B1B-47AD-9953-0656CA3574BD}
		{AF1C0345-5EF9-4FFF-BDDE-DE6C12EACD6A} = {A36D544C-8753-42C0-B0E6-30E1303254B7}
		{27D2A3C0-DE2E-49B5-9ECB-3BB11C266955} = {A36D544C-8753-42C0-B0E6-30E1303254B7}
		{E756A6FE-3332-4791-BEE3-32EAFAE1BBBE} = {5A68F9EF-5E38-4C71-B8B2-0D02868470F4}
	EndGlobalSection
EndGlobal
